
Microsoft Visual Studio Solution File, Format Version 12.00
# Visual Studio Version 16
VisualStudioVersion = 16.0.29411.108
MinimumVisualStudioVersion = 10.0.40219.1
Project("{FAE04EC0-301F-11D3-BF4B-00C04F79EFBC}") = "Deliverable2", "Deliverable2\Deliverable2.csproj", "{D386A658-C11A-4194-8E40-623702E462EF}"
EndProject
Global
	GlobalSection(SolutionConfigurationPlatforms) = preSolution
		Debug|Any CPU = Debug|Any CPU
		Release|Any CPU = Release|Any CPU
	EndGlobalSection
	GlobalSection(ProjectConfigurationPlatforms) = postSolution
		{D386A658-C11A-4194-8E40-623702E462EF}.Debug|Any CPU.ActiveCfg = Debug|Any CPU
		{D386A658-C11A-4194-8E40-623702E462EF}.Debug|Any CPU.Build.0 = Debug|Any CPU
		{D386A658-C11A-4194-8E40-623702E462EF}.Release|Any CPU.ActiveCfg = Release|Any CPU
		{D386A658-C11A-4194-8E40-623702E462EF}.Release|Any CPU.Build.0 = Release|Any CPU
	EndGlobalSection
	GlobalSection(SolutionProperties) = preSolution
		HideSolutionNode = FALSE
	EndGlobalSection
	GlobalSection(ExtensibilityGlobals) = postSolution
		SolutionGuid = {A4B20F72-FE25-4CFE-A072-F8EB8E5D0924}
	EndGlobalSection
EndGlobal
